
Microsoft Visual Studio Solution File, Format Version 12.00
# Visual Studio 15
VisualStudioVersion = 15.0.27130.2020
MinimumVisualStudioVersion = 10.0.40219.1
Project("{FAE04EC0-301F-11D3-BF4B-00C04F79EFBC}") = "Server", "Server\Server.csproj", "{94C3EBA3-E40D-4842-87CC-BBF87D05789D}"
EndProject
Global
	GlobalSection(SolutionConfigurationPlatforms) = preSolution
		Debug|Any CPU = Debug|Any CPU
		Release|Any CPU = Release|Any CPU
	EndGlobalSection
	GlobalSection(ProjectConfigurationPlatforms) = postSolution
		{94C3EBA3-E40D-4842-87CC-BBF87D05789D}.Debug|Any CPU.ActiveCfg = Debug|Any CPU
		{94C3EBA3-E40D-4842-87CC-BBF87D05789D}.Debug|Any CPU.Build.0 = Debug|Any CPU
		{94C3EBA3-E40D-4842-87CC-BBF87D05789D}.Release|Any CPU.ActiveCfg = Release|Any CPU
		{94C3EBA3-E40D-4842-87CC-BBF87D05789D}.Release|Any CPU.Build.0 = Release|Any CPU
	EndGlobalSection
	GlobalSection(SolutionProperties) = preSolution
		HideSolutionNode = FALSE
	EndGlobalSection
	GlobalSection(ExtensibilityGlobals) = postSolution
		SolutionGuid = {3DD5AB42-C695-4452-B058-27D35EE2DB7E}
	EndGlobalSection
EndGlobal
